
Microsoft Visual Studio Solution File, Format Version 12.00
# Visual Studio Version 17
VisualStudioVersion = 17.5.002.0
MinimumVisualStudioVersion = 10.0.40219.1
Project("{9A19103F-16F7-4668-BE54-9A1E7A4F7556}") = "EditorHTML", "EditorHTML.csproj", "{7FD3992D-9DFD-497C-9827-7AE81D37927D}"
EndProject
Global
	GlobalSection(SolutionConfigurationPlatforms) = preSolution
		Debug|Any CPU = Debug|Any CPU
		Release|Any CPU = Release|Any CPU
	EndGlobalSection
	GlobalSection(ProjectConfigurationPlatforms) = postSolution
		{7FD3992D-9DFD-497C-9827-7AE81D37927D}.Debug|Any CPU.ActiveCfg = Debug|Any CPU
		{7FD3992D-9DFD-497C-9827-7AE81D37927D}.Debug|Any CPU.Build.0 = Debug|Any CPU
		{7FD3992D-9DFD-497C-9827-7AE81D37927D}.Release|Any CPU.ActiveCfg = Release|Any CPU
		{7FD3992D-9DFD-497C-9827-7AE81D37927D}.Release|Any CPU.Build.0 = Release|Any CPU
	EndGlobalSection
	GlobalSection(SolutionProperties) = preSolution
		HideSolutionNode = FALSE
	EndGlobalSection
	GlobalSection(ExtensibilityGlobals) = postSolution
		SolutionGuid = {B38FA162-D162-4C75-8A92-A56A69666F32}
	EndGlobalSection
EndGlobal
